
Microsoft Visual Studio Solution File, Format Version 12.00
# Visual Studio Version 17
VisualStudioVersion = 17.2.32516.85
MinimumVisualStudioVersion = 10.0.40219.1
Project("{9A19103F-16F7-4668-BE54-9A1E7A4F7556}") = "tarea_8", "tarea_8.csproj", "{910F893E-E5E0-4921-BEEF-DFC5B9475BFA}"
EndProject
Global
	GlobalSection(SolutionConfigurationPlatforms) = preSolution
		Debug|Any CPU = Debug|Any CPU
		Release|Any CPU = Release|Any CPU
	EndGlobalSection
	GlobalSection(ProjectConfigurationPlatforms) = postSolution
		{910F893E-E5E0-4921-BEEF-DFC5B9475BFA}.Debug|Any CPU.ActiveCfg = Debug|Any CPU
		{910F893E-E5E0-4921-BEEF-DFC5B9475BFA}.Debug|Any CPU.Build.0 = Debug|Any CPU
		{910F893E-E5E0-4921-BEEF-DFC5B9475BFA}.Release|Any CPU.ActiveCfg = Release|Any CPU
		{910F893E-E5E0-4921-BEEF-DFC5B9475BFA}.Release|Any CPU.Build.0 = Release|Any CPU
	EndGlobalSection
	GlobalSection(SolutionProperties) = preSolution
		HideSolutionNode = FALSE
	EndGlobalSection
	GlobalSection(ExtensibilityGlobals) = postSolution
		SolutionGuid = {F79AFFA8-7DC9-4FC9-B841-A74C295FE370}
	EndGlobalSection
EndGlobal
